
Microsoft Visual Studio Solution File, Format Version 12.00
# Visual Studio Version 17
VisualStudioVersion = 17.1.32210.238
MinimumVisualStudioVersion = 10.0.40219.1
Project("{FAE04EC0-301F-11D3-BF4B-00C04F79EFBC}") = "Uppgift 2 Naser C-A", "Uppgift 2 Naser C-A\Uppgift 2 Naser C-A.csproj", "{BF4F12B5-007B-4BDE-AE7C-DD50730EF35C}"
EndProject
Global
	GlobalSection(SolutionConfigurationPlatforms) = preSolution
		Debug|Any CPU = Debug|Any CPU
		Release|Any CPU = Release|Any CPU
	EndGlobalSection
	GlobalSection(ProjectConfigurationPlatforms) = postSolution
		{BF4F12B5-007B-4BDE-AE7C-DD50730EF35C}.Debug|Any CPU.ActiveCfg = Debug|Any CPU
		{BF4F12B5-007B-4BDE-AE7C-DD50730EF35C}.Debug|Any CPU.Build.0 = Debug|Any CPU
		{BF4F12B5-007B-4BDE-AE7C-DD50730EF35C}.Release|Any CPU.ActiveCfg = Release|Any CPU
		{BF4F12B5-007B-4BDE-AE7C-DD50730EF35C}.Release|Any CPU.Build.0 = Release|Any CPU
	EndGlobalSection
	GlobalSection(SolutionProperties) = preSolution
		HideSolutionNode = FALSE
	EndGlobalSection
	GlobalSection(ExtensibilityGlobals) = postSolution
		SolutionGuid = {526E735D-74CD-4D96-BC58-AA6D8E774D30}
	EndGlobalSection
EndGlobal
